
Microsoft Visual Studio Solution File, Format Version 12.00
# Visual Studio 15
VisualStudioVersion = 15.0.28307.757
MinimumVisualStudioVersion = 10.0.40219.1
Project("{9A19103F-16F7-4668-BE54-9A1E7A4F7556}") = "TAPD.CSharpSDK", "TAPD.CSharpSDK\TAPD.CSharpSDK.csproj", "{1B807DB1-D8C6-4FDD-9230-C71E4E3A06CB}"
EndProject
Project("{9A19103F-16F7-4668-BE54-9A1E7A4F7556}") = "TAPD.CSharpSDK.Tests", "TAPD.CSharpSDK.Tests\TAPD.CSharpSDK.Tests.csproj", "{8E7A0A3C-CF94-488D-9E49-8C489D53C0E7}"
EndProject
Global
	GlobalSection(SolutionConfigurationPlatforms) = preSolution
		Debug|Any CPU = Debug|Any CPU
		Release|Any CPU = Release|Any CPU
	EndGlobalSection
	GlobalSection(ProjectConfigurationPlatforms) = postSolution
		{1B807DB1-D8C6-4FDD-9230-C71E4E3A06CB}.Debug|Any CPU.ActiveCfg = Debug|Any CPU
		{1B807DB1-D8C6-4FDD-9230-C71E4E3A06CB}.Debug|Any CPU.Build.0 = Debug|Any CPU
		{1B807DB1-D8C6-4FDD-9230-C71E4E3A06CB}.Release|Any CPU.ActiveCfg = Release|Any CPU
		{1B807DB1-D8C6-4FDD-9230-C71E4E3A06CB}.Release|Any CPU.Build.0 = Release|Any CPU
		{8E7A0A3C-CF94-488D-9E49-8C489D53C0E7}.Debug|Any CPU.ActiveCfg = Debug|Any CPU
		{8E7A0A3C-CF94-488D-9E49-8C489D53C0E7}.Debug|Any CPU.Build.0 = Debug|Any CPU
		{8E7A0A3C-CF94-488D-9E49-8C489D53C0E7}.Release|Any CPU.ActiveCfg = Release|Any CPU
		{8E7A0A3C-CF94-488D-9E49-8C489D53C0E7}.Release|Any CPU.Build.0 = Release|Any CPU
	EndGlobalSection
	GlobalSection(SolutionProperties) = preSolution
		HideSolutionNode = FALSE
	EndGlobalSection
	GlobalSection(ExtensibilityGlobals) = postSolution
		SolutionGuid = {B969505B-4850-448F-8944-E4624514F340}
	EndGlobalSection
EndGlobal
